
Microsoft Visual Studio Solution File, Format Version 12.00
# Visual Studio Version 16
VisualStudioVersion = 16.0.30225.117
MinimumVisualStudioVersion = 10.0.40219.1
Project("{FAE04EC0-301F-11D3-BF4B-00C04F79EFBC}") = "DeterminarPreferenciaProduto", "DeterminarPreferenciaProduto\DeterminarPreferenciaProduto.csproj", "{714C6673-A6FB-4F17-A2DD-7552C60BE047}"
EndProject
Global
	GlobalSection(SolutionConfigurationPlatforms) = preSolution
		Debug|Any CPU = Debug|Any CPU
		Release|Any CPU = Release|Any CPU
	EndGlobalSection
	GlobalSection(ProjectConfigurationPlatforms) = postSolution
		{714C6673-A6FB-4F17-A2DD-7552C60BE047}.Debug|Any CPU.ActiveCfg = Debug|Any CPU
		{714C6673-A6FB-4F17-A2DD-7552C60BE047}.Debug|Any CPU.Build.0 = Debug|Any CPU
		{714C6673-A6FB-4F17-A2DD-7552C60BE047}.Release|Any CPU.ActiveCfg = Release|Any CPU
		{714C6673-A6FB-4F17-A2DD-7552C60BE047}.Release|Any CPU.Build.0 = Release|Any CPU
	EndGlobalSection
	GlobalSection(SolutionProperties) = preSolution
		HideSolutionNode = FALSE
	EndGlobalSection
	GlobalSection(ExtensibilityGlobals) = postSolution
		SolutionGuid = {95524337-CD1B-46A4-A635-93E7B2BAAFF0}
	EndGlobalSection
EndGlobal
