
Microsoft Visual Studio Solution File, Format Version 12.00
# Visual Studio Version 16
VisualStudioVersion = 16.0.30225.117
MinimumVisualStudioVersion = 10.0.40219.1
Project("{FAE04EC0-301F-11D3-BF4B-00C04F79EFBC}") = "ValidacaoValorQuantidade", "ValidacaoValorQuantidade\ValidacaoValorQuantidade.csproj", "{523FD9D0-B09E-4257-9442-CA335E769412}"
EndProject
Global
	GlobalSection(SolutionConfigurationPlatforms) = preSolution
		Debug|Any CPU = Debug|Any CPU
		Release|Any CPU = Release|Any CPU
	EndGlobalSection
	GlobalSection(ProjectConfigurationPlatforms) = postSolution
		{523FD9D0-B09E-4257-9442-CA335E769412}.Debug|Any CPU.ActiveCfg = Debug|Any CPU
		{523FD9D0-B09E-4257-9442-CA335E769412}.Debug|Any CPU.Build.0 = Debug|Any CPU
		{523FD9D0-B09E-4257-9442-CA335E769412}.Release|Any CPU.ActiveCfg = Release|Any CPU
		{523FD9D0-B09E-4257-9442-CA335E769412}.Release|Any CPU.Build.0 = Release|Any CPU
	EndGlobalSection
	GlobalSection(SolutionProperties) = preSolution
		HideSolutionNode = FALSE
	EndGlobalSection
	GlobalSection(ExtensibilityGlobals) = postSolution
		SolutionGuid = {B6ECE35F-E5EB-40E5-B0B5-79B66E27A316}
	EndGlobalSection
EndGlobal
