
Microsoft Visual Studio Solution File, Format Version 12.00
# Visual Studio Version 16
VisualStudioVersion = 16.0.30225.117
MinimumVisualStudioVersion = 10.0.40219.1
Project("{FAE04EC0-301F-11D3-BF4B-00C04F79EFBC}") = "AberturaDeConta", "AberturaDeConta\AberturaDeConta.csproj", "{F6D03AD2-5FCE-4C9F-BF87-A198C262544E}"
EndProject
Global
	GlobalSection(SolutionConfigurationPlatforms) = preSolution
		Debug|Any CPU = Debug|Any CPU
		Release|Any CPU = Release|Any CPU
	EndGlobalSection
	GlobalSection(ProjectConfigurationPlatforms) = postSolution
		{F6D03AD2-5FCE-4C9F-BF87-A198C262544E}.Debug|Any CPU.ActiveCfg = Debug|Any CPU
		{F6D03AD2-5FCE-4C9F-BF87-A198C262544E}.Debug|Any CPU.Build.0 = Debug|Any CPU
		{F6D03AD2-5FCE-4C9F-BF87-A198C262544E}.Release|Any CPU.ActiveCfg = Release|Any CPU
		{F6D03AD2-5FCE-4C9F-BF87-A198C262544E}.Release|Any CPU.Build.0 = Release|Any CPU
	EndGlobalSection
	GlobalSection(SolutionProperties) = preSolution
		HideSolutionNode = FALSE
	EndGlobalSection
	GlobalSection(ExtensibilityGlobals) = postSolution
		SolutionGuid = {DAF7A715-7DFC-400B-BD26-628E8CCDFDE2}
	EndGlobalSection
EndGlobal
