
Microsoft Visual Studio Solution File, Format Version 12.00
# Visual Studio Version 16
VisualStudioVersion = 16.0.30225.117
MinimumVisualStudioVersion = 10.0.40219.1
Project("{FAE04EC0-301F-11D3-BF4B-00C04F79EFBC}") = "ValoresPorUmIntervalo", "ValoresPorUmIntervalo\ValoresPorUmIntervalo.csproj", "{B08DE1C2-03F9-4402-92B9-A7C890F12C56}"
EndProject
Global
	GlobalSection(SolutionConfigurationPlatforms) = preSolution
		Debug|Any CPU = Debug|Any CPU
		Release|Any CPU = Release|Any CPU
	EndGlobalSection
	GlobalSection(ProjectConfigurationPlatforms) = postSolution
		{B08DE1C2-03F9-4402-92B9-A7C890F12C56}.Debug|Any CPU.ActiveCfg = Debug|Any CPU
		{B08DE1C2-03F9-4402-92B9-A7C890F12C56}.Debug|Any CPU.Build.0 = Debug|Any CPU
		{B08DE1C2-03F9-4402-92B9-A7C890F12C56}.Release|Any CPU.ActiveCfg = Release|Any CPU
		{B08DE1C2-03F9-4402-92B9-A7C890F12C56}.Release|Any CPU.Build.0 = Release|Any CPU
	EndGlobalSection
	GlobalSection(SolutionProperties) = preSolution
		HideSolutionNode = FALSE
	EndGlobalSection
	GlobalSection(ExtensibilityGlobals) = postSolution
		SolutionGuid = {F9566DBB-D50B-4213-BD57-B796742CEF00}
	EndGlobalSection
EndGlobal
