
Microsoft Visual Studio Solution File, Format Version 12.00
# Visual Studio Version 16
VisualStudioVersion = 16.0.30330.147
MinimumVisualStudioVersion = 10.0.40219.1
Project("{FAE04EC0-301F-11D3-BF4B-00C04F79EFBC}") = "AccountBank", "AccountBank\AccountBank.csproj", "{599E4A06-53E1-453D-9666-A9F9ECB24515}"
EndProject
Global
	GlobalSection(SolutionConfigurationPlatforms) = preSolution
		Debug|Any CPU = Debug|Any CPU
		Release|Any CPU = Release|Any CPU
	EndGlobalSection
	GlobalSection(ProjectConfigurationPlatforms) = postSolution
		{599E4A06-53E1-453D-9666-A9F9ECB24515}.Debug|Any CPU.ActiveCfg = Debug|Any CPU
		{599E4A06-53E1-453D-9666-A9F9ECB24515}.Debug|Any CPU.Build.0 = Debug|Any CPU
		{599E4A06-53E1-453D-9666-A9F9ECB24515}.Release|Any CPU.ActiveCfg = Release|Any CPU
		{599E4A06-53E1-453D-9666-A9F9ECB24515}.Release|Any CPU.Build.0 = Release|Any CPU
	EndGlobalSection
	GlobalSection(SolutionProperties) = preSolution
		HideSolutionNode = FALSE
	EndGlobalSection
	GlobalSection(ExtensibilityGlobals) = postSolution
		SolutionGuid = {2AD87E77-D97C-491A-9F2B-9DB9ABC815BD}
	EndGlobalSection
EndGlobal
