
Microsoft Visual Studio Solution File, Format Version 12.00
# Visual Studio Version 16
VisualStudioVersion = 16.0.30225.117
MinimumVisualStudioVersion = 10.0.40219.1
Project("{FAE04EC0-301F-11D3-BF4B-00C04F79EFBC}") = "ExemploStruct", "ExemploStruct\ExemploStruct.csproj", "{3DCB9A33-D35F-4234-AF0D-114F7ED4E87D}"
EndProject
Global
	GlobalSection(SolutionConfigurationPlatforms) = preSolution
		Debug|Any CPU = Debug|Any CPU
		Release|Any CPU = Release|Any CPU
	EndGlobalSection
	GlobalSection(ProjectConfigurationPlatforms) = postSolution
		{3DCB9A33-D35F-4234-AF0D-114F7ED4E87D}.Debug|Any CPU.ActiveCfg = Debug|Any CPU
		{3DCB9A33-D35F-4234-AF0D-114F7ED4E87D}.Debug|Any CPU.Build.0 = Debug|Any CPU
		{3DCB9A33-D35F-4234-AF0D-114F7ED4E87D}.Release|Any CPU.ActiveCfg = Release|Any CPU
		{3DCB9A33-D35F-4234-AF0D-114F7ED4E87D}.Release|Any CPU.Build.0 = Release|Any CPU
	EndGlobalSection
	GlobalSection(SolutionProperties) = preSolution
		HideSolutionNode = FALSE
	EndGlobalSection
	GlobalSection(ExtensibilityGlobals) = postSolution
		SolutionGuid = {7B518D50-31BF-41D7-A302-0B50A5DA5E42}
	EndGlobalSection
EndGlobal
