
Microsoft Visual Studio Solution File, Format Version 12.00
# Visual Studio Version 16
VisualStudioVersion = 16.0.30330.147
MinimumVisualStudioVersion = 10.0.40219.1
Project("{FAE04EC0-301F-11D3-BF4B-00C04F79EFBC}") = "EqualsAndGetHeshCodeExample", "EqualsAndGetHeshCodeExample\EqualsAndGetHeshCodeExample.csproj", "{8CC832C2-289D-4D09-A5D7-77A35BF840CB}"
EndProject
Global
	GlobalSection(SolutionConfigurationPlatforms) = preSolution
		Debug|Any CPU = Debug|Any CPU
		Release|Any CPU = Release|Any CPU
	EndGlobalSection
	GlobalSection(ProjectConfigurationPlatforms) = postSolution
		{8CC832C2-289D-4D09-A5D7-77A35BF840CB}.Debug|Any CPU.ActiveCfg = Debug|Any CPU
		{8CC832C2-289D-4D09-A5D7-77A35BF840CB}.Debug|Any CPU.Build.0 = Debug|Any CPU
		{8CC832C2-289D-4D09-A5D7-77A35BF840CB}.Release|Any CPU.ActiveCfg = Release|Any CPU
		{8CC832C2-289D-4D09-A5D7-77A35BF840CB}.Release|Any CPU.Build.0 = Release|Any CPU
	EndGlobalSection
	GlobalSection(SolutionProperties) = preSolution
		HideSolutionNode = FALSE
	EndGlobalSection
	GlobalSection(ExtensibilityGlobals) = postSolution
		SolutionGuid = {F4C6CB6B-69F4-49ED-96ED-4D93678A98FB}
	EndGlobalSection
EndGlobal
