
Microsoft Visual Studio Solution File, Format Version 12.00
# Visual Studio Version 16
VisualStudioVersion = 16.0.30225.117
MinimumVisualStudioVersion = 10.0.40219.1
Project("{FAE04EC0-301F-11D3-BF4B-00C04F79EFBC}") = "ExemploParams", "ExemploParams\ExemploParams.csproj", "{4E595466-824D-4881-B3BD-5A2326019D73}"
EndProject
Global
	GlobalSection(SolutionConfigurationPlatforms) = preSolution
		Debug|Any CPU = Debug|Any CPU
		Release|Any CPU = Release|Any CPU
	EndGlobalSection
	GlobalSection(ProjectConfigurationPlatforms) = postSolution
		{4E595466-824D-4881-B3BD-5A2326019D73}.Debug|Any CPU.ActiveCfg = Debug|Any CPU
		{4E595466-824D-4881-B3BD-5A2326019D73}.Debug|Any CPU.Build.0 = Debug|Any CPU
		{4E595466-824D-4881-B3BD-5A2326019D73}.Release|Any CPU.ActiveCfg = Release|Any CPU
		{4E595466-824D-4881-B3BD-5A2326019D73}.Release|Any CPU.Build.0 = Release|Any CPU
	EndGlobalSection
	GlobalSection(SolutionProperties) = preSolution
		HideSolutionNode = FALSE
	EndGlobalSection
	GlobalSection(ExtensibilityGlobals) = postSolution
		SolutionGuid = {2C59FDC4-3910-41B0-8AA9-3ABEBA08A644}
	EndGlobalSection
EndGlobal
