
Microsoft Visual Studio Solution File, Format Version 12.00
# Visual Studio Version 16
VisualStudioVersion = 16.0.30225.117
MinimumVisualStudioVersion = 10.0.40219.1
Project("{FAE04EC0-301F-11D3-BF4B-00C04F79EFBC}") = "CalcularDivisores", "CalcularDivisores\CalcularDivisores.csproj", "{77ACED51-300E-4137-8B6A-7437536EB39D}"
EndProject
Global
	GlobalSection(SolutionConfigurationPlatforms) = preSolution
		Debug|Any CPU = Debug|Any CPU
		Release|Any CPU = Release|Any CPU
	EndGlobalSection
	GlobalSection(ProjectConfigurationPlatforms) = postSolution
		{77ACED51-300E-4137-8B6A-7437536EB39D}.Debug|Any CPU.ActiveCfg = Debug|Any CPU
		{77ACED51-300E-4137-8B6A-7437536EB39D}.Debug|Any CPU.Build.0 = Debug|Any CPU
		{77ACED51-300E-4137-8B6A-7437536EB39D}.Release|Any CPU.ActiveCfg = Release|Any CPU
		{77ACED51-300E-4137-8B6A-7437536EB39D}.Release|Any CPU.Build.0 = Release|Any CPU
	EndGlobalSection
	GlobalSection(SolutionProperties) = preSolution
		HideSolutionNode = FALSE
	EndGlobalSection
	GlobalSection(ExtensibilityGlobals) = postSolution
		SolutionGuid = {BC31EA44-595B-43E0-8420-B1632D129282}
	EndGlobalSection
EndGlobal
