
Microsoft Visual Studio Solution File, Format Version 12.00
# Visual Studio Version 16
VisualStudioVersion = 16.0.30225.117
MinimumVisualStudioVersion = 10.0.40219.1
Project("{FAE04EC0-301F-11D3-BF4B-00C04F79EFBC}") = "ValidacaoDuasCoordenadas", "ValidacaoDuasCoordenadas\ValidacaoDuasCoordenadas.csproj", "{5B493D09-0CB5-4530-81DB-2E9882395E06}"
EndProject
Global
	GlobalSection(SolutionConfigurationPlatforms) = preSolution
		Debug|Any CPU = Debug|Any CPU
		Release|Any CPU = Release|Any CPU
	EndGlobalSection
	GlobalSection(ProjectConfigurationPlatforms) = postSolution
		{5B493D09-0CB5-4530-81DB-2E9882395E06}.Debug|Any CPU.ActiveCfg = Debug|Any CPU
		{5B493D09-0CB5-4530-81DB-2E9882395E06}.Debug|Any CPU.Build.0 = Debug|Any CPU
		{5B493D09-0CB5-4530-81DB-2E9882395E06}.Release|Any CPU.ActiveCfg = Release|Any CPU
		{5B493D09-0CB5-4530-81DB-2E9882395E06}.Release|Any CPU.Build.0 = Release|Any CPU
	EndGlobalSection
	GlobalSection(SolutionProperties) = preSolution
		HideSolutionNode = FALSE
	EndGlobalSection
	GlobalSection(ExtensibilityGlobals) = postSolution
		SolutionGuid = {41C4F5F9-EB79-4279-A6CB-38788305AB0A}
	EndGlobalSection
EndGlobal
