
Microsoft Visual Studio Solution File, Format Version 12.00
# Visual Studio Version 16
VisualStudioVersion = 16.0.30225.117
MinimumVisualStudioVersion = 10.0.40219.1
Project("{FAE04EC0-301F-11D3-BF4B-00C04F79EFBC}") = "ValoresImpares", "ValoresImpares\ValoresImpares.csproj", "{7D718031-710E-41BF-876B-58C323D0A4A3}"
EndProject
Global
	GlobalSection(SolutionConfigurationPlatforms) = preSolution
		Debug|Any CPU = Debug|Any CPU
		Release|Any CPU = Release|Any CPU
	EndGlobalSection
	GlobalSection(ProjectConfigurationPlatforms) = postSolution
		{7D718031-710E-41BF-876B-58C323D0A4A3}.Debug|Any CPU.ActiveCfg = Debug|Any CPU
		{7D718031-710E-41BF-876B-58C323D0A4A3}.Debug|Any CPU.Build.0 = Debug|Any CPU
		{7D718031-710E-41BF-876B-58C323D0A4A3}.Release|Any CPU.ActiveCfg = Release|Any CPU
		{7D718031-710E-41BF-876B-58C323D0A4A3}.Release|Any CPU.Build.0 = Release|Any CPU
	EndGlobalSection
	GlobalSection(SolutionProperties) = preSolution
		HideSolutionNode = FALSE
	EndGlobalSection
	GlobalSection(ExtensibilityGlobals) = postSolution
		SolutionGuid = {E9D12FB8-D75A-43D0-AF52-563961005901}
	EndGlobalSection
EndGlobal
