
Microsoft Visual Studio Solution File, Format Version 12.00
# Visual Studio Version 16
VisualStudioVersion = 16.0.30225.117
MinimumVisualStudioVersion = 10.0.40219.1
Project("{FAE04EC0-301F-11D3-BF4B-00C04F79EFBC}") = "DadosPessoas", "DadosPessoas\DadosPessoas.csproj", "{0EE0DE19-39FB-4782-878C-EA34AC683B93}"
EndProject
Global
	GlobalSection(SolutionConfigurationPlatforms) = preSolution
		Debug|Any CPU = Debug|Any CPU
		Release|Any CPU = Release|Any CPU
	EndGlobalSection
	GlobalSection(ProjectConfigurationPlatforms) = postSolution
		{0EE0DE19-39FB-4782-878C-EA34AC683B93}.Debug|Any CPU.ActiveCfg = Debug|Any CPU
		{0EE0DE19-39FB-4782-878C-EA34AC683B93}.Debug|Any CPU.Build.0 = Debug|Any CPU
		{0EE0DE19-39FB-4782-878C-EA34AC683B93}.Release|Any CPU.ActiveCfg = Release|Any CPU
		{0EE0DE19-39FB-4782-878C-EA34AC683B93}.Release|Any CPU.Build.0 = Release|Any CPU
	EndGlobalSection
	GlobalSection(SolutionProperties) = preSolution
		HideSolutionNode = FALSE
	EndGlobalSection
	GlobalSection(ExtensibilityGlobals) = postSolution
		SolutionGuid = {2689497D-3E27-48CF-A79C-F5A89FF4C115}
	EndGlobalSection
EndGlobal
